
Microsoft Visual Studio Solution File, Format Version 12.00
# Visual Studio Version 17
VisualStudioVersion = 17.1.32210.238
MinimumVisualStudioVersion = 10.0.40219.1
Project("{8BC9CEB8-8B4A-11D0-8D11-00A0C91BC942}") = "EX220413", "EX220413\EX220413.vcxproj", "{DCC37611-7564-4C59-9479-DE4EA3BFC9D1}"
EndProject
Global
	GlobalSection(SolutionConfigurationPlatforms) = preSolution
		Debug|x64 = Debug|x64
		Debug|x86 = Debug|x86
		Release|x64 = Release|x64
		Release|x86 = Release|x86
	EndGlobalSection
	GlobalSection(ProjectConfigurationPlatforms) = postSolution
		{DCC37611-7564-4C59-9479-DE4EA3BFC9D1}.Debug|x64.ActiveCfg = Debug|x64
		{DCC37611-7564-4C59-9479-DE4EA3BFC9D1}.Debug|x64.Build.0 = Debug|x64
		{DCC37611-7564-4C59-9479-DE4EA3BFC9D1}.Debug|x86.ActiveCfg = Debug|Win32
		{DCC37611-7564-4C59-9479-DE4EA3BFC9D1}.Debug|x86.Build.0 = Debug|Win32
		{DCC37611-7564-4C59-9479-DE4EA3BFC9D1}.Release|x64.ActiveCfg = Release|x64
		{DCC37611-7564-4C59-9479-DE4EA3BFC9D1}.Release|x64.Build.0 = Release|x64
		{DCC37611-7564-4C59-9479-DE4EA3BFC9D1}.Release|x86.ActiveCfg = Release|Win32
		{DCC37611-7564-4C59-9479-DE4EA3BFC9D1}.Release|x86.Build.0 = Release|Win32
	EndGlobalSection
	GlobalSection(SolutionProperties) = preSolution
		HideSolutionNode = FALSE
	EndGlobalSection
	GlobalSection(ExtensibilityGlobals) = postSolution
		SolutionGuid = {B222DC0C-B037-4461-9F1A-B583B11B7B63}
	EndGlobalSection
EndGlobal
